// !$*UTF8*$!
{
	archiveVersion = 1;
	classes = {
	};
	objectVersion = 50;
	objects = {

/* Begin PBXBuildFile section */
		B6747B672588A79200C278E1 /* AppDelegate.swift in Sources */ = {isa = PBXBuildFile; fileRef = B6747B662588A79200C278E1 /* AppDelegate.swift */; };
		B6747B692588A79200C278E1 /* SceneDelegate.swift in Sources */ = {isa = PBXBuildFile; fileRef = B6747B682588A79200C278E1 /* SceneDelegate.swift */; };
		B6747B6B2588A79200C278E1 /* ViewController.swift in Sources */ = {isa = PBXBuildFile; fileRef = B6747B6A2588A79200C278E1 /* ViewController.swift */; };
		B6747B6E2588A79200C278E1 /* Main.storyboard in Resources */ = {isa = PBXBuildFile; fileRef = B6747B6C2588A79200C278E1 /* Main.storyboard */; };
		B6747B702588A79400C278E1 /* Assets.xcassets in Resources */ = {isa = PBXBuildFile; fileRef = B6747B6F2588A79400C278E1 /* Assets.xcassets */; };
		B6747B732588A79400C278E1 /* LaunchScreen.storyboard in Resources */ = {isa = PBXBuildFile; fileRef = B6747B712588A79400C278E1 /* LaunchScreen.storyboard */; };
		B6747B892588ABCD00C278E1 /* TestModuleViewModel.swift in Sources */ = {isa = PBXBuildFile; fileRef = B6747B852588ABCD00C278E1 /* TestModuleViewModel.swift */; };
		B6747B8A2588ABCD00C278E1 /* TestModuleViewController.swift in Sources */ = {isa = PBXBuildFile; fileRef = B6747B872588ABCD00C278E1 /* TestModuleViewController.swift */; };
		B6747B8B2588ABCD00C278E1 /* TestModule.storyboard in Resources */ = {isa = PBXBuildFile; fileRef = B6747B882588ABCD00C278E1 /* TestModule.storyboard */; };
		B6747B8E2588ABEA00C278E1 /* MVPVM.swift in Sources */ = {isa = PBXBuildFile; fileRef = B6747B8D2588ABEA00C278E1 /* MVPVM.swift */; };
		B6747B962588B2F200C278E1 /* Localizable.strings in Resources */ = {isa = PBXBuildFile; fileRef = B6747B982588B2F200C278E1 /* Localizable.strings */; };
		B6747B9F2588BAF500C278E1 /* LanguageManager.swift in Sources */ = {isa = PBXBuildFile; fileRef = B6747B9E2588BAF500C278E1 /* LanguageManager.swift */; };
/* End PBXBuildFile section */

/* Begin PBXFileReference section */
		B6747B632588A79200C278E1 /* Demo MultiLanguage.app */ = {isa = PBXFileReference; explicitFileType = wrapper.application; includeInIndex = 0; path = "Demo MultiLanguage.app"; sourceTree = BUILT_PRODUCTS_DIR; };
		B6747B662588A79200C278E1 /* AppDelegate.swift */ = {isa = PBXFileReference; lastKnownFileType = sourcecode.swift; path = AppDelegate.swift; sourceTree = "<group>"; };
		B6747B682588A79200C278E1 /* SceneDelegate.swift */ = {isa = PBXFileReference; lastKnownFileType = sourcecode.swift; path = SceneDelegate.swift; sourceTree = "<group>"; };
		B6747B6A2588A79200C278E1 /* ViewController.swift */ = {isa = PBXFileReference; lastKnownFileType = sourcecode.swift; path = ViewController.swift; sourceTree = "<group>"; };
		B6747B6D2588A79200C278E1 /* Base */ = {isa = PBXFileReference; lastKnownFileType = file.storyboard; name = Base; path = Base.lproj/Main.storyboard; sourceTree = "<group>"; };
		B6747B6F2588A79400C278E1 /* Assets.xcassets */ = {isa = PBXFileReference; lastKnownFileType = folder.assetcatalog; path = Assets.xcassets; sourceTree = "<group>"; };
		B6747B722588A79400C278E1 /* Base */ = {isa = PBXFileReference; lastKnownFileType = file.storyboard; name = Base; path = Base.lproj/LaunchScreen.storyboard; sourceTree = "<group>"; };
		B6747B742588A79400C278E1 /* Info.plist */ = {isa = PBXFileReference; lastKnownFileType = text.plist.xml; path = Info.plist; sourceTree = "<group>"; };
		B6747B852588ABCD00C278E1 /* TestModuleViewModel.swift */ = {isa = PBXFileReference; fileEncoding = 4; lastKnownFileType = sourcecode.swift; path = TestModuleViewModel.swift; sourceTree = "<group>"; };
		B6747B872588ABCD00C278E1 /* TestModuleViewController.swift */ = {isa = PBXFileReference; fileEncoding = 4; lastKnownFileType = sourcecode.swift; path = TestModuleViewController.swift; sourceTree = "<group>"; };
		B6747B882588ABCD00C278E1 /* TestModule.storyboard */ = {isa = PBXFileReference; fileEncoding = 4; lastKnownFileType = file.storyboard; path = TestModule.storyboard; sourceTree = "<group>"; };
		B6747B8D2588ABEA00C278E1 /* MVPVM.swift */ = {isa = PBXFileReference; fileEncoding = 4; lastKnownFileType = sourcecode.swift; path = MVPVM.swift; sourceTree = "<group>"; };
		B6747B932588B23A00C278E1 /* vi */ = {isa = PBXFileReference; lastKnownFileType = text.plist.strings; name = vi; path = vi.lproj/Main.strings; sourceTree = "<group>"; };
		B6747B942588B23A00C278E1 /* vi */ = {isa = PBXFileReference; lastKnownFileType = text.plist.strings; name = vi; path = vi.lproj/LaunchScreen.strings; sourceTree = "<group>"; };
		B6747B972588B2F200C278E1 /* vi */ = {isa = PBXFileReference; lastKnownFileType = text.plist.strings; name = vi; path = vi.lproj/Localizable.strings; sourceTree = "<group>"; };
		B6747B9B2588B33400C278E1 /* en */ = {isa = PBXFileReference; lastKnownFileType = text.plist.strings; name = en; path = en.lproj/Main.strings; sourceTree = "<group>"; };
		B6747B9C2588B59F00C278E1 /* en */ = {isa = PBXFileReference; lastKnownFileType = text.plist.strings; name = en; path = en.lproj/Localizable.strings; sourceTree = "<group>"; };
		B6747B9E2588BAF500C278E1 /* LanguageManager.swift */ = {isa = PBXFileReference; lastKnownFileType = sourcecode.swift; path = LanguageManager.swift; sourceTree = "<group>"; };
/* End PBXFileReference section */

/* Begin PBXFrameworksBuildPhase section */
		B6747B602588A79200C278E1 /* Frameworks */ = {
			isa = PBXFrameworksBuildPhase;
			buildActionMask = 2147483647;
			files = (
			);
			runOnlyForDeploymentPostprocessing = 0;
		};
/* End PBXFrameworksBuildPhase section */

/* Begin PBXGroup section */
		B6747B5A2588A79200C278E1 = {
			isa = PBXGroup;
			children = (
				B6747B652588A79200C278E1 /* Demo MultiLanguage */,
				B6747B642588A79200C278E1 /* Products */,
			);
			sourceTree = "<group>";
		};
		B6747B642588A79200C278E1 /* Products */ = {
			isa = PBXGroup;
			children = (
				B6747B632588A79200C278E1 /* Demo MultiLanguage.app */,
			);
			name = Products;
			sourceTree = "<group>";
		};
		B6747B652588A79200C278E1 /* Demo MultiLanguage */ = {
			isa = PBXGroup;
			children = (
				B6747B982588B2F200C278E1 /* Localizable.strings */,
				B6747B8D2588ABEA00C278E1 /* MVPVM.swift */,
				B6747B832588ABCD00C278E1 /* TestModule */,
				B6747B662588A79200C278E1 /* AppDelegate.swift */,
				B6747B682588A79200C278E1 /* SceneDelegate.swift */,
				B6747B6A2588A79200C278E1 /* ViewController.swift */,
				B6747B6C2588A79200C278E1 /* Main.storyboard */,
				B6747B6F2588A79400C278E1 /* Assets.xcassets */,
				B6747B712588A79400C278E1 /* LaunchScreen.storyboard */,
				B6747B742588A79400C278E1 /* Info.plist */,
				B6747B9E2588BAF500C278E1 /* LanguageManager.swift */,
			);
			path = "Demo MultiLanguage";
			sourceTree = "<group>";
		};
		B6747B832588ABCD00C278E1 /* TestModule */ = {
			isa = PBXGroup;
			children = (
				B6747B842588ABCD00C278E1 /* models */,
				B6747B862588ABCD00C278E1 /* views */,
			);
			path = TestModule;
			sourceTree = "<group>";
		};
		B6747B842588ABCD00C278E1 /* models */ = {
			isa = PBXGroup;
			children = (
				B6747B852588ABCD00C278E1 /* TestModuleViewModel.swift */,
			);
			path = models;
			sourceTree = "<group>";
		};
		B6747B862588ABCD00C278E1 /* views */ = {
			isa = PBXGroup;
			children = (
				B6747B872588ABCD00C278E1 /* TestModuleViewController.swift */,
				B6747B882588ABCD00C278E1 /* TestModule.storyboard */,
			);
			path = views;
			sourceTree = "<group>";
		};
/* End PBXGroup section */

/* Begin PBXNativeTarget section */
		B6747B622588A79200C278E1 /* Demo MultiLanguage */ = {
			isa = PBXNativeTarget;
			buildConfigurationList = B6747B772588A79400C278E1 /* Build configuration list for PBXNativeTarget "Demo MultiLanguage" */;
			buildPhases = (
				B6747B5F2588A79200C278E1 /* Sources */,
				B6747B602588A79200C278E1 /* Frameworks */,
				B6747B612588A79200C278E1 /* Resources */,
			);
			buildRules = (
			);
			dependencies = (
			);
			name = "Demo MultiLanguage";
			productName = "Demo MultiLanguage";
			productReference = B6747B632588A79200C278E1 /* Demo MultiLanguage.app */;
			productType = "com.apple.product-type.application";
		};
/* End PBXNativeTarget section */

/* Begin PBXProject section */
		B6747B5B2588A79200C278E1 /* Project object */ = {
			isa = PBXProject;
			attributes = {
				LastSwiftUpdateCheck = 1220;
				LastUpgradeCheck = 1220;
				TargetAttributes = {
					B6747B622588A79200C278E1 = {
						CreatedOnToolsVersion = 12.2;
					};
				};
			};
			buildConfigurationList = B6747B5E2588A79200C278E1 /* Build configuration list for PBXProject "Demo MultiLanguage" */;
			compatibilityVersion = "Xcode 9.3";
			developmentRegion = en;
			hasScannedForEncodings = 0;
			knownRegions = (
				en,
				Base,
				vi,
			);
			mainGroup = B6747B5A2588A79200C278E1;
			productRefGroup = B6747B642588A79200C278E1 /* Products */;
			projectDirPath = "";
			projectRoot = "";
			targets = (
				B6747B622588A79200C278E1 /* Demo MultiLanguage */,
			);
		};
/* End PBXProject section */

/* Begin PBXResourcesBuildPhase section */
		B6747B612588A79200C278E1 /* Resources */ = {
			isa = PBXResourcesBuildPhase;
			buildActionMask = 2147483647;
			files = (
				B6747B962588B2F200C278E1 /* Localizable.strings in Resources */,
				B6747B732588A79400C278E1 /* LaunchScreen.storyboard in Resources */,
				B6747B702588A79400C278E1 /* Assets.xcassets in Resources */,
				B6747B8B2588ABCD00C278E1 /* TestModule.storyboard in Resources */,
				B6747B6E2588A79200C278E1 /* Main.storyboard in Resources */,
			);
			runOnlyForDeploymentPostprocessing = 0;
		};
/* End PBXResourcesBuildPhase section */

/* Begin PBXSourcesBuildPhase section */
		B6747B5F2588A79200C278E1 /* Sources */ = {
			isa = PBXSourcesBuildPhase;
			buildActionMask = 2147483647;
			files = (
				B6747B6B2588A79200C278E1 /* ViewController.swift in Sources */,
				B6747B9F2588BAF500C278E1 /* LanguageManager.swift in Sources */,
				B6747B672588A79200C278E1 /* AppDelegate.swift in Sources */,
				B6747B8E2588ABEA00C278E1 /* MVPVM.swift in Sources */,
				B6747B892588ABCD00C278E1 /* TestModuleViewModel.swift in Sources */,
				B6747B8A2588ABCD00C278E1 /* TestModuleViewController.swift in Sources */,
				B6747B692588A79200C278E1 /* SceneDelegate.swift in Sources */,
			);
			runOnlyForDeploymentPostprocessing = 0;
		};
/* End PBXSourcesBuildPhase section */

/* Begin PBXVariantGroup section */
		B6747B6C2588A79200C278E1 /* Main.storyboard */ = {
			isa = PBXVariantGroup;
			children = (
				B6747B6D2588A79200C278E1 /* Base */,
				B6747B932588B23A00C278E1 /* vi */,
				B6747B9B2588B33400C278E1 /* en */,
			);
			name = Main.storyboard;
			sourceTree = "<group>";
		};
		B6747B712588A79400C278E1 /* LaunchScreen.storyboard */ = {
			isa = PBXVariantGroup;
			children = (
				B6747B722588A79400C278E1 /* Base */,
				B6747B942588B23A00C278E1 /* vi */,
			);
			name = LaunchScreen.storyboard;
			sourceTree = "<group>";
		};
		B6747B982588B2F200C278E1 /* Localizable.strings */ = {
			isa = PBXVariantGroup;
			children = (
				B6747B972588B2F200C278E1 /* vi */,
				B6747B9C2588B59F00C278E1 /* en */,
			);
			name = Localizable.strings;
			sourceTree = "<group>";
		};
/* End PBXVariantGroup section */

/* Begin XCBuildConfiguration section */
		B6747B752588A79400C278E1 /* Debug */ = {
			isa = XCBuildConfiguration;
			buildSettings = {
				ALWAYS_SEARCH_USER_PATHS = NO;
				CLANG_ANALYZER_LOCALIZABILITY_NONLOCALIZED = YES;
				CLANG_ANALYZER_NONNULL = YES;
				CLANG_ANALYZER_NUMBER_OBJECT_CONVERSION = YES_AGGRESSIVE;
				CLANG_CXX_LANGUAGE_STANDARD = "gnu++14";
				CLANG_CXX_LIBRARY = "libc++";
				CLANG_ENABLE_MODULES = YES;
				CLANG_ENABLE_OBJC_ARC = YES;
				CLANG_ENABLE_OBJC_WEAK = YES;
				CLANG_WARN_BLOCK_CAPTURE_AUTORELEASING = YES;
				CLANG_WARN_BOOL_CONVERSION = YES;
				CLANG_WARN_COMMA = YES;
				CLANG_WARN_CONSTANT_CONVERSION = YES;
				CLANG_WARN_DEPRECATED_OBJC_IMPLEMENTATIONS = YES;
				CLANG_WARN_DIRECT_OBJC_ISA_USAGE = YES_ERROR;
				CLANG_WARN_DOCUMENTATION_COMMENTS = YES;
				CLANG_WARN_EMPTY_BODY = YES;
				CLANG_WARN_ENUM_CONVERSION = YES;
				CLANG_WARN_INFINITE_RECURSION = YES;
				CLANG_WARN_INT_CONVERSION = YES;
				CLANG_WARN_NON_LITERAL_NULL_CONVERSION = YES;
				CLANG_WARN_OBJC_IMPLICIT_RETAIN_SELF = YES;
				CLANG_WARN_OBJC_LITERAL_CONVERSION = YES;
				CLANG_WARN_OBJC_ROOT_CLASS = YES_ERROR;
				CLANG_WARN_QUOTED_INCLUDE_IN_FRAMEWORK_HEADER = YES;
				CLANG_WARN_RANGE_LOOP_ANALYSIS = YES;
				CLANG_WARN_STRICT_PROTOTYPES = YES;
				CLANG_WARN_SUSPICIOUS_MOVE = YES;
				CLANG_WARN_UNGUARDED_AVAILABILITY = YES_AGGRESSIVE;
				CLANG_WARN_UNREACHABLE_CODE = YES;
				CLANG_WARN__DUPLICATE_METHOD_MATCH = YES;
				COPY_PHASE_STRIP = NO;
				DEBUG_INFORMATION_FORMAT = dwarf;
				ENABLE_STRICT_OBJC_MSGSEND = YES;
				ENABLE_TESTABILITY = YES;
				GCC_C_LANGUAGE_STANDARD = gnu11;
				GCC_DYNAMIC_NO_PIC = NO;
				GCC_NO_COMMON_BLOCKS = YES;
				GCC_OPTIMIZATION_LEVEL = 0;
				GCC_PREPROCESSOR_DEFINITIONS = (
					"DEBUG=1",
					"$(inherited)",
				);
				GCC_WARN_64_TO_32_BIT_CONVERSION = YES;
				GCC_WARN_ABOUT_RETURN_TYPE = YES_ERROR;
				GCC_WARN_UNDECLARED_SELECTOR = YES;
				GCC_WARN_UNINITIALIZED_AUTOS = YES_AGGRESSIVE;
				GCC_WARN_UNUSED_FUNCTION = YES;
				GCC_WARN_UNUSED_VARIABLE = YES;
				IPHONEOS_DEPLOYMENT_TARGET = 14.2;
				MTL_ENABLE_DEBUG_INFO = INCLUDE_SOURCE;
				MTL_FAST_MATH = YES;
				ONLY_ACTIVE_ARCH = YES;
				SDKROOT = iphoneos;
				SWIFT_ACTIVE_COMPILATION_CONDITIONS = DEBUG;
				SWIFT_OPTIMIZATION_LEVEL = "-Onone";
			};
			name = Debug;
		};
		B6747B762588A79400C278E1 /* Release */ = {
			isa = XCBuildConfiguration;
			buildSettings = {
				ALWAYS_SEARCH_USER_PATHS = NO;
				CLANG_ANALYZER_LOCALIZABILITY_NONLOCALIZED = YES;
				CLANG_ANALYZER_NONNULL = YES;
				CLANG_ANALYZER_NUMBER_OBJECT_CONVERSION = YES_AGGRESSIVE;
				CLANG_CXX_LANGUAGE_STANDARD = "gnu++14";
				CLANG_CXX_LIBRARY = "libc++";
				CLANG_ENABLE_MODULES = YES;
				CLANG_ENABLE_OBJC_ARC = YES;
				CLANG_ENABLE_OBJC_WEAK = YES;
				CLANG_WARN_BLOCK_CAPTURE_AUTORELEASING = YES;
				CLANG_WARN_BOOL_CONVERSION = YES;
				CLANG_WARN_COMMA = YES;
				CLANG_WARN_CONSTANT_CONVERSION = YES;
				CLANG_WARN_DEPRECATED_OBJC_IMPLEMENTATIONS = YES;
				CLANG_WARN_DIRECT_OBJC_ISA_USAGE = YES_ERROR;
				CLANG_WARN_DOCUMENTATION_COMMENTS = YES;
				CLANG_WARN_EMPTY_BODY = YES;
				CLANG_WARN_ENUM_CONVERSION = YES;
				CLANG_WARN_INFINITE_RECURSION = YES;
				CLANG_WARN_INT_CONVERSION = YES;
				CLANG_WARN_NON_LITERAL_NULL_CONVERSION = YES;
				CLANG_WARN_OBJC_IMPLICIT_RETAIN_SELF = YES;
				CLANG_WARN_OBJC_LITERAL_CONVERSION = YES;
				CLANG_WARN_OBJC_ROOT_CLASS = YES_ERROR;
				CLANG_WARN_QUOTED_INCLUDE_IN_FRAMEWORK_HEADER = YES;
				CLANG_WARN_RANGE_LOOP_ANALYSIS = YES;
				CLANG_WARN_STRICT_PROTOTYPES = YES;
				CLANG_WARN_SUSPICIOUS_MOVE = YES;
				CLANG_WARN_UNGUARDED_AVAILABILITY = YES_AGGRESSIVE;
				CLANG_WARN_UNREACHABLE_CODE = YES;
				CLANG_WARN__DUPLICATE_METHOD_MATCH = YES;
				COPY_PHASE_STRIP = NO;
				DEBUG_INFORMATION_FORMAT = "dwarf-with-dsym";
				ENABLE_NS_ASSERTIONS = NO;
				ENABLE_STRICT_OBJC_MSGSEND = YES;
				GCC_C_LANGUAGE_STANDARD = gnu11;
				GCC_NO_COMMON_BLOCKS = YES;
				GCC_WARN_64_TO_32_BIT_CONVERSION = YES;
				GCC_WARN_ABOUT_RETURN_TYPE = YES_ERROR;
				GCC_WARN_UNDECLARED_SELECTOR = YES;
				GCC_WARN_UNINITIALIZED_AUTOS = YES_AGGRESSIVE;
				GCC_WARN_UNUSED_FUNCTION = YES;
				GCC_WARN_UNUSED_VARIABLE = YES;
				IPHONEOS_DEPLOYMENT_TARGET = 14.2;
				MTL_ENABLE_DEBUG_INFO = NO;
				MTL_FAST_MATH = YES;
				SDKROOT = iphoneos;
				SWIFT_COMPILATION_MODE = wholemodule;
				SWIFT_OPTIMIZATION_LEVEL = "-O";
				VALIDATE_PRODUCT = YES;
			};
			name = Release;
		};
		B6747B782588A79400C278E1 /* Debug */ = {
			isa = XCBuildConfiguration;
			buildSettings = {
				ASSETCATALOG_COMPILER_APPICON_NAME = AppIcon;
				ASSETCATALOG_COMPILER_GLOBAL_ACCENT_COLOR_NAME = AccentColor;
				CODE_SIGN_STYLE = Automatic;
				INFOPLIST_FILE = "Demo MultiLanguage/Info.plist";
				LD_RUNPATH_SEARCH_PATHS = (
					"$(inherited)",
					"@executable_path/Frameworks",
				);
				PRODUCT_BUNDLE_IDENTIFIER = "com.nth.Demo-MultiLanguage";
				PRODUCT_NAME = "$(TARGET_NAME)";
				SWIFT_VERSION = 5.0;
				TARGETED_DEVICE_FAMILY = "1,2";
			};
			name = Debug;
		};
		B6747B792588A79400C278E1 /* Release */ = {
			isa = XCBuildConfiguration;
			buildSettings = {
				ASSETCATALOG_COMPILER_APPICON_NAME = AppIcon;
				ASSETCATALOG_COMPILER_GLOBAL_ACCENT_COLOR_NAME = AccentColor;
				CODE_SIGN_STYLE = Automatic;
				INFOPLIST_FILE = "Demo MultiLanguage/Info.plist";
				LD_RUNPATH_SEARCH_PATHS = (
					"$(inherited)",
					"@executable_path/Frameworks",
				);
				PRODUCT_BUNDLE_IDENTIFIER = "com.nth.Demo-MultiLanguage";
				PRODUCT_NAME = "$(TARGET_NAME)";
				SWIFT_VERSION = 5.0;
				TARGETED_DEVICE_FAMILY = "1,2";
			};
			name = Release;
		};
/* End XCBuildConfiguration section */

/* Begin XCConfigurationList section */
		B6747B5E2588A79200C278E1 /* Build configuration list for PBXProject "Demo MultiLanguage" */ = {
			isa = XCConfigurationList;
			buildConfigurations = (
				B6747B752588A79400C278E1 /* Debug */,
				B6747B762588A79400C278E1 /* Release */,
			);
			defaultConfigurationIsVisible = 0;
			defaultConfigurationName = Release;
		};
		B6747B772588A79400C278E1 /* Build configuration list for PBXNativeTarget "Demo MultiLanguage" */ = {
			isa = XCConfigurationList;
			buildConfigurations = (
				B6747B782588A79400C278E1 /* Debug */,
				B6747B792588A79400C278E1 /* Release */,
			);
			defaultConfigurationIsVisible = 0;
			defaultConfigurationName = Release;
		};
/* End XCConfigurationList section */
	};
	rootObject = B6747B5B2588A79200C278E1 /* Project object */;
}
